
Microsoft Visual Studio Solution File, Format Version 12.00
# Visual Studio 15
VisualStudioVersion = 15.0.26730.16
MinimumVisualStudioVersion = 10.0.40219.1
Project("{FAE04EC0-301F-11D3-BF4B-00C04F79EFBC}") = "Bageriet", "Bageriet\Bageriet.csproj", "{2033585A-17E5-47B4-A4EF-0E5E9ADCC0EA}"
EndProject
Global
	GlobalSection(SolutionConfigurationPlatforms) = preSolution
		Debug|Any CPU = Debug|Any CPU
		Release|Any CPU = Release|Any CPU
	EndGlobalSection
	GlobalSection(ProjectConfigurationPlatforms) = postSolution
		{2033585A-17E5-47B4-A4EF-0E5E9ADCC0EA}.Debug|Any CPU.ActiveCfg = Debug|Any CPU
		{2033585A-17E5-47B4-A4EF-0E5E9ADCC0EA}.Debug|Any CPU.Build.0 = Debug|Any CPU
		{2033585A-17E5-47B4-A4EF-0E5E9ADCC0EA}.Release|Any CPU.ActiveCfg = Release|Any CPU
		{2033585A-17E5-47B4-A4EF-0E5E9ADCC0EA}.Release|Any CPU.Build.0 = Release|Any CPU
	EndGlobalSection
	GlobalSection(SolutionProperties) = preSolution
		HideSolutionNode = FALSE
	EndGlobalSection
	GlobalSection(ExtensibilityGlobals) = postSolution
		SolutionGuid = {42532CD6-FA4F-46D6-B971-CC59217451C9}
	EndGlobalSection
EndGlobal
